// !$*UTF8*$!
{
	archiveVersion = 1;
	classes = {
	};
	objectVersion = 46;
	objects = {

/* Begin PBXBuildFile section */
		D03DA3911BC20D7D007DB98D /* AppDelegate.swift in Sources */ = {isa = PBXBuildFile; fileRef = D03DA3901BC20D7D007DB98D /* AppDelegate.swift */; };
		D03DA3931BC20D7D007DB98D /* ViewController.swift in Sources */ = {isa = PBXBuildFile; fileRef = D03DA3921BC20D7D007DB98D /* ViewController.swift */; };
		D03DA3961BC20D7D007DB98D /* Main.storyboard in Resources */ = {isa = PBXBuildFile; fileRef = D03DA3941BC20D7D007DB98D /* Main.storyboard */; };
		D03DA3981BC20D7D007DB98D /* Assets.xcassets in Resources */ = {isa = PBXBuildFile; fileRef = D03DA3971BC20D7D007DB98D /* Assets.xcassets */; };
		D03DA39B1BC20D7D007DB98D /* LaunchScreen.storyboard in Resources */ = {isa = PBXBuildFile; fileRef = D03DA3991BC20D7D007DB98D /* LaunchScreen.storyboard */; };
/* End PBXBuildFile section */

/* Begin PBXFileReference section */
		D03DA38D1BC20D7D007DB98D /* WeatherWithGeneric.app */ = {isa = PBXFileReference; explicitFileType = wrapper.application; includeInIndex = 0; path = WeatherWithGeneric.app; sourceTree = BUILT_PRODUCTS_DIR; };
		D03DA3901BC20D7D007DB98D /* AppDelegate.swift */ = {isa = PBXFileReference; lastKnownFileType = sourcecode.swift; path = AppDelegate.swift; sourceTree = "<group>"; };
		D03DA3921BC20D7D007DB98D /* ViewController.swift */ = {isa = PBXFileReference; lastKnownFileType = sourcecode.swift; path = ViewController.swift; sourceTree = "<group>"; };
		D03DA3951BC20D7D007DB98D /* Base */ = {isa = PBXFileReference; lastKnownFileType = file.storyboard; name = Base; path = Base.lproj/Main.storyboard; sourceTree = "<group>"; };
		D03DA3971BC20D7D007DB98D /* Assets.xcassets */ = {isa = PBXFileReference; lastKnownFileType = folder.assetcatalog; path = Assets.xcassets; sourceTree = "<group>"; };
		D03DA39A1BC20D7D007DB98D /* Base */ = {isa = PBXFileReference; lastKnownFileType = file.storyboard; name = Base; path = Base.lproj/LaunchScreen.storyboard; sourceTree = "<group>"; };
		D03DA39C1BC20D7D007DB98D /* Info.plist */ = {isa = PBXFileReference; lastKnownFileType = text.plist.xml; path = Info.plist; sourceTree = "<group>"; };
/* End PBXFileReference section */

/* Begin PBXFrameworksBuildPhase section */
		D03DA38A1BC20D7D007DB98D /* Frameworks */ = {
			isa = PBXFrameworksBuildPhase;
			buildActionMask = 2147483647;
			files = (
			);
			runOnlyForDeploymentPostprocessing = 0;
		};
/* End PBXFrameworksBuildPhase section */

/* Begin PBXGroup section */
		D03DA3841BC20D7D007DB98D = {
			isa = PBXGroup;
			children = (
				D03DA38F1BC20D7D007DB98D /* WeatherWithGeneric */,
				D03DA38E1BC20D7D007DB98D /* Products */,
			);
			sourceTree = "<group>";
		};
		D03DA38E1BC20D7D007DB98D /* Products */ = {
			isa = PBXGroup;
			children = (
				D03DA38D1BC20D7D007DB98D /* WeatherWithGeneric.app */,
			);
			name = Products;
			sourceTree = "<group>";
		};
		D03DA38F1BC20D7D007DB98D /* WeatherWithGeneric */ = {
			isa = PBXGroup;
			children = (
				D03DA3901BC20D7D007DB98D /* AppDelegate.swift */,
				D03DA3921BC20D7D007DB98D /* ViewController.swift */,
				D03DA3941BC20D7D007DB98D /* Main.storyboard */,
				D03DA3971BC20D7D007DB98D /* Assets.xcassets */,
				D03DA3991BC20D7D007DB98D /* LaunchScreen.storyboard */,
				D03DA39C1BC20D7D007DB98D /* Info.plist */,
			);
			path = WeatherWithGeneric;
			sourceTree = "<group>";
		};
/* End PBXGroup section */

/* Begin PBXNativeTarget section */
		D03DA38C1BC20D7D007DB98D /* WeatherWithGeneric */ = {
			isa = PBXNativeTarget;
			buildConfigurationList = D03DA39F1BC20D7D007DB98D /* Build configuration list for PBXNativeTarget "WeatherWithGeneric" */;
			buildPhases = (
				D03DA3891BC20D7D007DB98D /* Sources */,
				D03DA38A1BC20D7D007DB98D /* Frameworks */,
				D03DA38B1BC20D7D007DB98D /* Resources */,
			);
			buildRules = (
			);
			dependencies = (
			);
			name = WeatherWithGeneric;
			productName = WeatherWithGeneric;
			productReference = D03DA38D1BC20D7D007DB98D /* WeatherWithGeneric.app */;
			productType = "com.apple.product-type.application";
		};
/* End PBXNativeTarget section */

/* Begin PBXProject section */
		D03DA3851BC20D7D007DB98D /* Project object */ = {
			isa = PBXProject;
			attributes = {
				LastUpgradeCheck = 0700;
				ORGANIZATIONNAME = "Petra Christian University";
				TargetAttributes = {
					D03DA38C1BC20D7D007DB98D = {
						CreatedOnToolsVersion = 7.0.1;
					};
				};
			};
			buildConfigurationList = D03DA3881BC20D7D007DB98D /* Build configuration list for PBXProject "WeatherWithGeneric" */;
			compatibilityVersion = "Xcode 3.2";
			developmentRegion = English;
			hasScannedForEncodings = 0;
			knownRegions = (
				en,
				Base,
			);
			mainGroup = D03DA3841BC20D7D007DB98D;
			productRefGroup = D03DA38E1BC20D7D007DB98D /* Products */;
			projectDirPath = "";
			projectRoot = "";
			targets = (
				D03DA38C1BC20D7D007DB98D /* WeatherWithGeneric */,
			);
		};
/* End PBXProject section */

/* Begin PBXResourcesBuildPhase section */
		D03DA38B1BC20D7D007DB98D /* Resources */ = {
			isa = PBXResourcesBuildPhase;
			buildActionMask = 2147483647;
			files = (
				D03DA39B1BC20D7D007DB98D /* LaunchScreen.storyboard in Resources */,
				D03DA3981BC20D7D007DB98D /* Assets.xcassets in Resources */,
				D03DA3961BC20D7D007DB98D /* Main.storyboard in Resources */,
			);
			runOnlyForDeploymentPostprocessing = 0;
		};
/* End PBXResourcesBuildPhase section */

/* Begin PBXSourcesBuildPhase section */
		D03DA3891BC20D7D007DB98D /* Sources */ = {
			isa = PBXSourcesBuildPhase;
			buildActionMask = 2147483647;
			files = (
				D03DA3931BC20D7D007DB98D /* ViewController.swift in Sources */,
				D03DA3911BC20D7D007DB98D /* AppDelegate.swift in Sources */,
			);
			runOnlyForDeploymentPostprocessing = 0;
		};
/* End PBXSourcesBuildPhase section */

/* Begin PBXVariantGroup section */
		D03DA3941BC20D7D007DB98D /* Main.storyboard */ = {
			isa = PBXVariantGroup;
			children = (
				D03DA3951BC20D7D007DB98D /* Base */,
			);
			name = Main.storyboard;
			sourceTree = "<group>";
		};
		D03DA3991BC20D7D007DB98D /* LaunchScreen.storyboard */ = {
			isa = PBXVariantGroup;
			children = (
				D03DA39A1BC20D7D007DB98D /* Base */,
			);
			name = LaunchScreen.storyboard;
			sourceTree = "<group>";
		};
/* End PBXVariantGroup section */

/* Begin XCBuildConfiguration section */
		D03DA39D1BC20D7D007DB98D /* Debug */ = {
			isa = XCBuildConfiguration;
			buildSettings = {
				ALWAYS_SEARCH_USER_PATHS = NO;
				CLANG_CXX_LANGUAGE_STANDARD = "gnu++0x";
				CLANG_CXX_LIBRARY = "libc++";
				CLANG_ENABLE_MODULES = YES;
				CLANG_ENABLE_OBJC_ARC = YES;
				CLANG_WARN_BOOL_CONVERSION = YES;
				CLANG_WARN_CONSTANT_CONVERSION = YES;
				CLANG_WARN_DIRECT_OBJC_ISA_USAGE = YES_ERROR;
				CLANG_WARN_EMPTY_BODY = YES;
				CLANG_WARN_ENUM_CONVERSION = YES;
				CLANG_WARN_INT_CONVERSION = YES;
				CLANG_WARN_OBJC_ROOT_CLASS = YES_ERROR;
				CLANG_WARN_UNREACHABLE_CODE = YES;
				CLANG_WARN__DUPLICATE_METHOD_MATCH = YES;
				"CODE_SIGN_IDENTITY[sdk=iphoneos*]" = "iPhone Developer";
				COPY_PHASE_STRIP = NO;
				DEBUG_INFORMATION_FORMAT = dwarf;
				ENABLE_STRICT_OBJC_MSGSEND = YES;
				ENABLE_TESTABILITY = YES;
				GCC_C_LANGUAGE_STANDARD = gnu99;
				GCC_DYNAMIC_NO_PIC = NO;
				GCC_NO_COMMON_BLOCKS = YES;
				GCC_OPTIMIZATION_LEVEL = 0;
				GCC_PREPROCESSOR_DEFINITIONS = (
					"DEBUG=1",
					"$(inherited)",
				);
				GCC_WARN_64_TO_32_BIT_CONVERSION = YES;
				GCC_WARN_ABOUT_RETURN_TYPE = YES_ERROR;
				GCC_WARN_UNDECLARED_SELECTOR = YES;
				GCC_WARN_UNINITIALIZED_AUTOS = YES_AGGRESSIVE;
				GCC_WARN_UNUSED_FUNCTION = YES;
				GCC_WARN_UNUSED_VARIABLE = YES;
				IPHONEOS_DEPLOYMENT_TARGET = 9.0;
				MTL_ENABLE_DEBUG_INFO = YES;
				ONLY_ACTIVE_ARCH = YES;
				SDKROOT = iphoneos;
				SWIFT_OPTIMIZATION_LEVEL = "-Onone";
			};
			name = Debug;
		};
		D03DA39E1BC20D7D007DB98D /* Release */ = {
			isa = XCBuildConfiguration;
			buildSettings = {
				ALWAYS_SEARCH_USER_PATHS = NO;
				CLANG_CXX_LANGUAGE_STANDARD = "gnu++0x";
				CLANG_CXX_LIBRARY = "libc++";
				CLANG_ENABLE_MODULES = YES;
				CLANG_ENABLE_OBJC_ARC = YES;
				CLANG_WARN_BOOL_CONVERSION = YES;
				CLANG_WARN_CONSTANT_CONVERSION = YES;
				CLANG_WARN_DIRECT_OBJC_ISA_USAGE = YES_ERROR;
				CLANG_WARN_EMPTY_BODY = YES;
				CLANG_WARN_ENUM_CONVERSION = YES;
				CLANG_WARN_INT_CONVERSION = YES;
				CLANG_WARN_OBJC_ROOT_CLASS = YES_ERROR;
				CLANG_WARN_UNREACHABLE_CODE = YES;
				CLANG_WARN__DUPLICATE_METHOD_MATCH = YES;
				"CODE_SIGN_IDENTITY[sdk=iphoneos*]" = "iPhone Developer";
				COPY_PHASE_STRIP = NO;
				DEBUG_INFORMATION_FORMAT = "dwarf-with-dsym";
				ENABLE_NS_ASSERTIONS = NO;
				ENABLE_STRICT_OBJC_MSGSEND = YES;
				GCC_C_LANGUAGE_STANDARD = gnu99;
				GCC_NO_COMMON_BLOCKS = YES;
				GCC_WARN_64_TO_32_BIT_CONVERSION = YES;
				GCC_WARN_ABOUT_RETURN_TYPE = YES_ERROR;
				GCC_WARN_UNDECLARED_SELECTOR = YES;
				GCC_WARN_UNINITIALIZED_AUTOS = YES_AGGRESSIVE;
				GCC_WARN_UNUSED_FUNCTION = YES;
				GCC_WARN_UNUSED_VARIABLE = YES;
				IPHONEOS_DEPLOYMENT_TARGET = 9.0;
				MTL_ENABLE_DEBUG_INFO = NO;
				SDKROOT = iphoneos;
				VALIDATE_PRODUCT = YES;
			};
			name = Release;
		};
		D03DA3A01BC20D7D007DB98D /* Debug */ = {
			isa = XCBuildConfiguration;
			buildSettings = {
				ASSETCATALOG_COMPILER_APPICON_NAME = AppIcon;
				INFOPLIST_FILE = WeatherWithGeneric/Info.plist;
				LD_RUNPATH_SEARCH_PATHS = "$(inherited) @executable_path/Frameworks";
				PRODUCT_BUNDLE_IDENTIFIER = id.ac.petra.WeatherWithGeneric;
				PRODUCT_NAME = "$(TARGET_NAME)";
			};
			name = Debug;
		};
		D03DA3A11BC20D7D007DB98D /* Release */ = {
			isa = XCBuildConfiguration;
			buildSettings = {
				ASSETCATALOG_COMPILER_APPICON_NAME = AppIcon;
				INFOPLIST_FILE = WeatherWithGeneric/Info.plist;
				LD_RUNPATH_SEARCH_PATHS = "$(inherited) @executable_path/Frameworks";
				PRODUCT_BUNDLE_IDENTIFIER = id.ac.petra.WeatherWithGeneric;
				PRODUCT_NAME = "$(TARGET_NAME)";
			};
			name = Release;
		};
/* End XCBuildConfiguration section */

/* Begin XCConfigurationList section */
		D03DA3881BC20D7D007DB98D /* Build configuration list for PBXProject "WeatherWithGeneric" */ = {
			isa = XCConfigurationList;
			buildConfigurations = (
				D03DA39D1BC20D7D007DB98D /* Debug */,
				D03DA39E1BC20D7D007DB98D /* Release */,
			);
			defaultConfigurationIsVisible = 0;
			defaultConfigurationName = Release;
		};
		D03DA39F1BC20D7D007DB98D /* Build configuration list for PBXNativeTarget "WeatherWithGeneric" */ = {
			isa = XCConfigurationList;
			buildConfigurations = (
				D03DA3A01BC20D7D007DB98D /* Debug */,
				D03DA3A11BC20D7D007DB98D /* Release */,
			);
			defaultConfigurationIsVisible = 0;
		};
/* End XCConfigurationList section */
	};
	rootObject = D03DA3851BC20D7D007DB98D /* Project object */;
}
